
Microsoft Visual Studio Solution File, Format Version 12.00
# Visual Studio Version 17
VisualStudioVersion = 17.0.32112.339
MinimumVisualStudioVersion = 10.0.40219.1
Project("{FAE04EC0-301F-11D3-BF4B-00C04F79EFBC}") = "ytRESTfulAPI", "ytRESTfulAPI.csproj", "{2E143ECA-0C87-4E69-90F2-1D578F0D5592}"
EndProject
Global
	GlobalSection(SolutionConfigurationPlatforms) = preSolution
		Debug|Any CPU = Debug|Any CPU
		Release|Any CPU = Release|Any CPU
	EndGlobalSection
	GlobalSection(ProjectConfigurationPlatforms) = postSolution
		{2E143ECA-0C87-4E69-90F2-1D578F0D5592}.Debug|Any CPU.ActiveCfg = Debug|Any CPU
		{2E143ECA-0C87-4E69-90F2-1D578F0D5592}.Debug|Any CPU.Build.0 = Debug|Any CPU
		{2E143ECA-0C87-4E69-90F2-1D578F0D5592}.Release|Any CPU.ActiveCfg = Release|Any CPU
		{2E143ECA-0C87-4E69-90F2-1D578F0D5592}.Release|Any CPU.Build.0 = Release|Any CPU
	EndGlobalSection
	GlobalSection(SolutionProperties) = preSolution
		HideSolutionNode = FALSE
	EndGlobalSection
	GlobalSection(ExtensibilityGlobals) = postSolution
		SolutionGuid = {BCB94411-8927-41C0-AFFA-85650502E390}
	EndGlobalSection
EndGlobal
